
Microsoft Visual Studio Solution File, Format Version 12.00
# Visual Studio Version 17
VisualStudioVersion = 17.10.34928.147
MinimumVisualStudioVersion = 10.0.40219.1
Project("{FAE04EC0-301F-11D3-BF4B-00C04F79EFBC}") = "Colas", "Colas.csproj", "{AE42276D-83EF-4D43-8688-88FA822B77AE}"
EndProject
Global
	GlobalSection(SolutionConfigurationPlatforms) = preSolution
		Debug|Any CPU = Debug|Any CPU
		Release|Any CPU = Release|Any CPU
	EndGlobalSection
	GlobalSection(ProjectConfigurationPlatforms) = postSolution
		{AE42276D-83EF-4D43-8688-88FA822B77AE}.Debug|Any CPU.ActiveCfg = Debug|Any CPU
		{AE42276D-83EF-4D43-8688-88FA822B77AE}.Debug|Any CPU.Build.0 = Debug|Any CPU
		{AE42276D-83EF-4D43-8688-88FA822B77AE}.Release|Any CPU.ActiveCfg = Release|Any CPU
		{AE42276D-83EF-4D43-8688-88FA822B77AE}.Release|Any CPU.Build.0 = Release|Any CPU
	EndGlobalSection
	GlobalSection(SolutionProperties) = preSolution
		HideSolutionNode = FALSE
	EndGlobalSection
	GlobalSection(ExtensibilityGlobals) = postSolution
		SolutionGuid = {B4B19971-347C-4B8C-B914-8A6128CD66D6}
	EndGlobalSection
EndGlobal
